{
  "name": "voxelraymarcher",
  "version": "1.0.0",
  "lockfileVersion": 3,
  "requires": true,
  "packages": {
    "": {
      "name": "voxelraymarcher",
      "version": "1.0.0",
      "license": "ISC",
      "dependencies": {
        "@types/node": "^18.15.11",
        "@webgpu/types": "^0.1.30"
      }
    },
    "node_modules/@types/node": {
      "version": "18.15.11",
      "resolved": "https://registry.npmjs.org/@types/node/-/node-18.15.11.tgz",
      "integrity": "sha512-E5Kwq2n4SbMzQOn6wnmBjuK9ouqlURrcZDVfbo9ftDDTFt3nk7ZKK4GMOzoYgnpQJKcxwQw+lGaBvvlMo0qN/Q=="
    },
    "node_modules/@webgpu/types": {
      "version": "0.1.30",
      "resolved": "https://registry.npmjs.org/@webgpu/types/-/types-0.1.30.tgz",
      "integrity": "sha512-9AXJSmL3MzY8ZL//JjudA//q+2kBRGhLBFpkdGksWIuxrMy81nFrCzj2Am+mbh8WoU6rXmv7cY5E3rdlyru2Qg=="
    }
  }
}
